<Solution>

  <Project Path="D:/ITI/1.Hazem Ahmed/real_State Project/real-estate-platform/real-estate-backend/APILayer/APILayer.csproj" />
  <Project Path="D:/ITI/1.Hazem Ahmed/real_State Project/real-estate-platform/real-estate-backend/BusinessLogicLayer/BusinessLogicLayer.csproj" />
  <Project Path="D:/ITI/1.Hazem Ahmed/real_State Project/real-estate-platform/real-estate-backend/DataAccessLayer/DataAccessLayer.csproj" />
</Solution>
